
Microsoft Visual Studio Solution File, Format Version 12.00
# Visual Studio Version 17
VisualStudioVersion = 17.7.33927.210
MinimumVisualStudioVersion = 10.0.40219.1
Project("{FAE04EC0-301F-11D3-BF4B-00C04F79EFBC}") = "HelloWorldApp", "HelloWorldApp\HelloWorldApp.csproj", "{E6A40432-BCCA-4FC0-9E29-68A0BEE13418}"
EndProject
Global
	GlobalSection(SolutionConfigurationPlatforms) = preSolution
		Debug|Any CPU = Debug|Any CPU
		Release|Any CPU = Release|Any CPU
	EndGlobalSection
	GlobalSection(ProjectConfigurationPlatforms) = postSolution
		{E6A40432-BCCA-4FC0-9E29-68A0BEE13418}.Debug|Any CPU.ActiveCfg = Debug|Any CPU
		{E6A40432-BCCA-4FC0-9E29-68A0BEE13418}.Debug|Any CPU.Build.0 = Debug|Any CPU
		{E6A40432-BCCA-4FC0-9E29-68A0BEE13418}.Release|Any CPU.ActiveCfg = Release|Any CPU
		{E6A40432-BCCA-4FC0-9E29-68A0BEE13418}.Release|Any CPU.Build.0 = Release|Any CPU
	EndGlobalSection
	GlobalSection(SolutionProperties) = preSolution
		HideSolutionNode = FALSE
	EndGlobalSection
	GlobalSection(ExtensibilityGlobals) = postSolution
		SolutionGuid = {5BE056B1-E12F-456A-A136-86BFC8BDE8AC}
	EndGlobalSection
EndGlobal
